
Microsoft Visual Studio Solution File, Format Version 12.00
# Visual Studio Version 17
VisualStudioVersion = 17.5.002.0
MinimumVisualStudioVersion = 10.0.40219.1
Project("{9A19103F-16F7-4668-BE54-9A1E7A4F7556}") = "BoundlessBooks", "BoundlessBooks.csproj", "{22DA3AE5-8FCB-4AC2-ABB4-63C9E3CC981A}"
EndProject
Global
	GlobalSection(SolutionConfigurationPlatforms) = preSolution
		Debug|Any CPU = Debug|Any CPU
		Release|Any CPU = Release|Any CPU
	EndGlobalSection
	GlobalSection(ProjectConfigurationPlatforms) = postSolution
		{22DA3AE5-8FCB-4AC2-ABB4-63C9E3CC981A}.Debug|Any CPU.ActiveCfg = Debug|Any CPU
		{22DA3AE5-8FCB-4AC2-ABB4-63C9E3CC981A}.Debug|Any CPU.Build.0 = Debug|Any CPU
		{22DA3AE5-8FCB-4AC2-ABB4-63C9E3CC981A}.Release|Any CPU.ActiveCfg = Release|Any CPU
		{22DA3AE5-8FCB-4AC2-ABB4-63C9E3CC981A}.Release|Any CPU.Build.0 = Release|Any CPU
	EndGlobalSection
	GlobalSection(SolutionProperties) = preSolution
		HideSolutionNode = FALSE
	EndGlobalSection
	GlobalSection(ExtensibilityGlobals) = postSolution
		SolutionGuid = {4DCDD253-3151-4C63-8E51-B775F395B708}
	EndGlobalSection
EndGlobal
